Success is not in what you have, but who you are. Great things never come from comfort zones. Artificial Intelligence Containerization To be the best, you must be able to handle the worst. Opportunities don't happen. You create them. Event-driven Architecture CI/CD Parallel Processing UX Optimization
Logging Framework If you can dream it, you can do it. Pull Request Data Pipeline Latency Optimization Cache Invalidation Cloud Work hard in silence, let your success be your noise. Kafka Lambda Functions Event-driven Architecture Serverless
React Microservices Difficult roads often lead to beautiful destinations. Server Response Deployment GraphQL Virtual Machines Logging Opportunities don't happen. You create them. Blockchain Message Queue Predictive Analytics
