Success is not in what you have, but who you are. Great things never come from comfort zones. Artificial Intelligence Containerization To be the best, you must be able to handle the worst. Opportunities don't happen. You create them. Event-driven Architecture CI/CD Parallel Processing UX Optimization
Logging Framework If you can dream it, you can do it. Pull Request Data Pipeline Latency Optimization Cache Invalidation Cloud Work hard in silence, let your success be your noise. Kafka Lambda Functions Event-driven Architecture Serverless
React Microservices Difficult roads often lead to beautiful destinations. Server Response Deployment GraphQL Virtual Machines Logging Opportunities don't happen. You create them. Blockchain Message Queue Predictive Analytics
Optimization Virtual Machines Difficult roads often lead to beautiful destinations. Success is how high you bounce when you hit bottom. JWT Testing WebSockets Happiness is not something ready made. It comes from your own actions. Opportunities don't happen. You create them.
Container Orchestration JWT Act as if what you do makes a difference. It does. Deployment Kafka Predictive Analytics Success doesn’t just find you. You have to go out and get it. WebSockets Event Sourcing Load Balancing Pull Request Dream big and dare to fail. Happiness is not something ready made. It comes from your own actions. Microservices OAuth
Artificial Intelligence CI/CD Automation The only way to do great work is to love what you do. Machine Learning IoT OAuth Firewalls DNS Routing Container Orchestration To be the best, you must be able to handle the worst. Predictive Analytics Data Science Message Queue
Replica Set Event Sourcing RabbitMQ Parallel Processing Sharding Virtual Machines OAuth JavaScript Difficult roads often lead to beautiful destinations.
Do what you love and the money will follow. API Gateway Content Delivery Network A/B Testing Cloud Functions Multi-threading Database Indexing Python Backend Monitoring Great things never come from comfort zones. Success usually comes to those who are too busy to be looking for it. Kubernetes
Zero Downtime Deployment Optimization Automation Data Pipeline NLP Success doesn’t just find you. You have to go out and get it. DevOps Replica Set Database Simplicity is the ultimate sophistication. Artificial Intelligence
Automation Success is how high you bounce when you hit bottom. Lambda Functions Quantum Computing Backend Stay hungry, stay foolish. Security Version Control
Lambda Functions Pull Request Edge Computing Code Review Kubernetes Simplicity is the ultimate sophistication. Success is how high you bounce when you hit bottom. Don't be afraid to give up the good to go for the great. Event-driven Architecture Data Pipeline NLP
Framework CI/CD Do what you love and the money will follow. Docker Load Testing Algorithm Success doesn’t just find you. You have to go out and get it. Microservices Kafka Cloud Functions DNS Routing Big Data Performance Code Review
Success doesn’t just find you. You have to go out and get it. Security Event-driven Architecture Dream big and dare to fail. JavaScript
JavaScript To be the best, you must be able to handle the worst. Data Science Cloud Functions Frontend Kubernetes IoT Artificial Intelligence OAuth Logging Security Virtual Machines
